
Microsoft Visual Studio Solution File, Format Version 12.00
# Visual Studio Version 17
VisualStudioVersion = 17.1.32228.430
MinimumVisualStudioVersion = 10.0.40219.1
Project("{FAE04EC0-301F-11D3-BF4B-00C04F79EFBC}") = "ALISS.Models", "ALISS.Models\ALISS.Models.csproj", "{A5FEF261-88CE-41EE-AB1F-1EEBA168D5CE}"
EndProject
Project("{FAE04EC0-301F-11D3-BF4B-00C04F79EFBC}") = "ALISS.Admin.Web", "ALISS.Admin.Web\ALISS.Admin.Web.csproj", "{CF4BA367-97D2-4B32-9FA8-E0D9FC2CF5F3}"
EndProject
Project("{FAE04EC0-301F-11D3-BF4B-00C04F79EFBC}") = "ALISS.Business", "ALISS.Business\ALISS.Business.csproj", "{E86D6DE5-615C-482F-9FA8-5528E0C26CB9}"
EndProject
Project("{FAE04EC0-301F-11D3-BF4B-00C04F79EFBC}") = "Tactuum.Core", "Tactuum.Core\Tactuum.Core.csproj", "{1C9131CA-B1CE-4D15-9A44-56B213748F31}"
EndProject
Project("{FAE04EC0-301F-11D3-BF4B-00C04F79EFBC}") = "ALISS.CMS", "ALISS.CMS\ALISS.CMS.csproj", "{3606580E-095A-4E23-AED3-28BA4033C397}"
EndProject
Project("{FAE04EC0-301F-11D3-BF4B-00C04F79EFBC}") = "ALISS.API", "ALISS.API\ALISS.API.csproj", "{A1AD4A63-DB4F-4AA9-A64F-35D9659CE0FC}"
EndProject
Project("{FAE04EC0-301F-11D3-BF4B-00C04F79EFBC}") = "ALISS.ApiServices", "ALISS.Services\ALISS.ApiServices.csproj", "{0F1AA762-A4F3-40E2-8B2F-EEA2694B8E59}"
EndProject
Global
	GlobalSection(SolutionConfigurationPlatforms) = preSolution
		Debug|Any CPU = Debug|Any CPU
		Release|Any CPU = Release|Any CPU
	EndGlobalSection
	GlobalSection(ProjectConfigurationPlatforms) = postSolution
		{A5FEF261-88CE-41EE-AB1F-1EEBA168D5CE}.Debug|Any CPU.ActiveCfg = Debug|Any CPU
		{A5FEF261-88CE-41EE-AB1F-1EEBA168D5CE}.Debug|Any CPU.Build.0 = Debug|Any CPU
		{A5FEF261-88CE-41EE-AB1F-1EEBA168D5CE}.Release|Any CPU.ActiveCfg = Release|Any CPU
		{A5FEF261-88CE-41EE-AB1F-1EEBA168D5CE}.Release|Any CPU.Build.0 = Release|Any CPU
		{CF4BA367-97D2-4B32-9FA8-E0D9FC2CF5F3}.Debug|Any CPU.ActiveCfg = Debug|Any CPU
		{CF4BA367-97D2-4B32-9FA8-E0D9FC2CF5F3}.Debug|Any CPU.Build.0 = Debug|Any CPU
		{CF4BA367-97D2-4B32-9FA8-E0D9FC2CF5F3}.Release|Any CPU.ActiveCfg = Release|Any CPU
		{CF4BA367-97D2-4B32-9FA8-E0D9FC2CF5F3}.Release|Any CPU.Build.0 = Release|Any CPU
		{E86D6DE5-615C-482F-9FA8-5528E0C26CB9}.Debug|Any CPU.ActiveCfg = Debug|Any CPU
		{E86D6DE5-615C-482F-9FA8-5528E0C26CB9}.Debug|Any CPU.Build.0 = Debug|Any CPU
		{E86D6DE5-615C-482F-9FA8-5528E0C26CB9}.Release|Any CPU.ActiveCfg = Release|Any CPU
		{E86D6DE5-615C-482F-9FA8-5528E0C26CB9}.Release|Any CPU.Build.0 = Release|Any CPU
		{1C9131CA-B1CE-4D15-9A44-56B213748F31}.Debug|Any CPU.ActiveCfg = Debug|Any CPU
		{1C9131CA-B1CE-4D15-9A44-56B213748F31}.Debug|Any CPU.Build.0 = Debug|Any CPU
		{1C9131CA-B1CE-4D15-9A44-56B213748F31}.Release|Any CPU.ActiveCfg = Release|Any CPU
		{1C9131CA-B1CE-4D15-9A44-56B213748F31}.Release|Any CPU.Build.0 = Release|Any CPU
		{3606580E-095A-4E23-AED3-28BA4033C397}.Debug|Any CPU.ActiveCfg = Debug|Any CPU
		{3606580E-095A-4E23-AED3-28BA4033C397}.Debug|Any CPU.Build.0 = Debug|Any CPU
		{3606580E-095A-4E23-AED3-28BA4033C397}.Release|Any CPU.ActiveCfg = Release|Any CPU
		{3606580E-095A-4E23-AED3-28BA4033C397}.Release|Any CPU.Build.0 = Release|Any CPU
		{A1AD4A63-DB4F-4AA9-A64F-35D9659CE0FC}.Debug|Any CPU.ActiveCfg = Debug|Any CPU
		{A1AD4A63-DB4F-4AA9-A64F-35D9659CE0FC}.Debug|Any CPU.Build.0 = Debug|Any CPU
		{A1AD4A63-DB4F-4AA9-A64F-35D9659CE0FC}.Release|Any CPU.ActiveCfg = Release|Any CPU
		{A1AD4A63-DB4F-4AA9-A64F-35D9659CE0FC}.Release|Any CPU.Build.0 = Release|Any CPU
		{0F1AA762-A4F3-40E2-8B2F-EEA2694B8E59}.Debug|Any CPU.ActiveCfg = Debug|Any CPU
		{0F1AA762-A4F3-40E2-8B2F-EEA2694B8E59}.Debug|Any CPU.Build.0 = Debug|Any CPU
		{0F1AA762-A4F3-40E2-8B2F-EEA2694B8E59}.Release|Any CPU.ActiveCfg = Release|Any CPU
		{0F1AA762-A4F3-40E2-8B2F-EEA2694B8E59}.Release|Any CPU.Build.0 = Release|Any CPU
	EndGlobalSection
	GlobalSection(SolutionProperties) = preSolution
		HideSolutionNode = FALSE
	EndGlobalSection
	GlobalSection(ExtensibilityGlobals) = postSolution
		SolutionGuid = {2905BABB-95D6-4A6A-B41B-1F600ADF75B4}
	EndGlobalSection
EndGlobal
